
Microsoft Visual Studio Solution File, Format Version 12.00
# Visual Studio Version 16
VisualStudioVersion = 16.0.30517.126
MinimumVisualStudioVersion = 10.0.40219.1
Project("{FAE04EC0-301F-11D3-BF4B-00C04F79EFBC}") = "NEUexchange", "NEOexchange\NEUexchange.csproj", "{5EB8757C-D540-4702-93A9-70CA42D63DA8}"
EndProject
Global
	GlobalSection(SolutionConfigurationPlatforms) = preSolution
		Debug|Any CPU = Debug|Any CPU
		Release|Any CPU = Release|Any CPU
	EndGlobalSection
	GlobalSection(ProjectConfigurationPlatforms) = postSolution
		{5EB8757C-D540-4702-93A9-70CA42D63DA8}.Debug|Any CPU.ActiveCfg = Debug|Any CPU
		{5EB8757C-D540-4702-93A9-70CA42D63DA8}.Debug|Any CPU.Build.0 = Debug|Any CPU
		{5EB8757C-D540-4702-93A9-70CA42D63DA8}.Release|Any CPU.ActiveCfg = Release|Any CPU
		{5EB8757C-D540-4702-93A9-70CA42D63DA8}.Release|Any CPU.Build.0 = Release|Any CPU
	EndGlobalSection
	GlobalSection(SolutionProperties) = preSolution
		HideSolutionNode = FALSE
	EndGlobalSection
	GlobalSection(ExtensibilityGlobals) = postSolution
		SolutionGuid = {6174D20F-8C38-4726-B0F8-ADC159F1AB33}
	EndGlobalSection
EndGlobal
